
Microsoft Visual Studio Solution File, Format Version 12.00
# Visual Studio Version 17
VisualStudioVersion = 17.5.33516.290
MinimumVisualStudioVersion = 10.0.40219.1
Project("{FAE04EC0-301F-11D3-BF4B-00C04F79EFBC}") = "CalcularVuelto", "CalcularVuelto.csproj", "{9B5041C0-F4B4-49BA-B735-140782A6A7C3}"
EndProject
Project("{9A19103F-16F7-4668-BE54-9A1E7A4F7556}") = "CustomControls", "..\..\..\Proyecto\CustomControls\CustomControls.csproj", "{894BD713-FE9A-4E6E-A158-C21B6BF0E099}"
EndProject
Project("{FAE04EC0-301F-11D3-BF4B-00C04F79EFBC}") = "CantPersonasEnSala", "..\CantPersonasEnSala\CantPersonasEnSala.csproj", "{7DFEEA86-4748-445F-8667-149EC05DAB0C}"
EndProject
Global
	GlobalSection(SolutionConfigurationPlatforms) = preSolution
		Debug|Any CPU = Debug|Any CPU
		Release|Any CPU = Release|Any CPU
	EndGlobalSection
	GlobalSection(ProjectConfigurationPlatforms) = postSolution
		{9B5041C0-F4B4-49BA-B735-140782A6A7C3}.Debug|Any CPU.ActiveCfg = Debug|Any CPU
		{9B5041C0-F4B4-49BA-B735-140782A6A7C3}.Debug|Any CPU.Build.0 = Debug|Any CPU
		{9B5041C0-F4B4-49BA-B735-140782A6A7C3}.Release|Any CPU.ActiveCfg = Release|Any CPU
		{9B5041C0-F4B4-49BA-B735-140782A6A7C3}.Release|Any CPU.Build.0 = Release|Any CPU
		{894BD713-FE9A-4E6E-A158-C21B6BF0E099}.Debug|Any CPU.ActiveCfg = Debug|Any CPU
		{894BD713-FE9A-4E6E-A158-C21B6BF0E099}.Debug|Any CPU.Build.0 = Debug|Any CPU
		{894BD713-FE9A-4E6E-A158-C21B6BF0E099}.Release|Any CPU.ActiveCfg = Release|Any CPU
		{894BD713-FE9A-4E6E-A158-C21B6BF0E099}.Release|Any CPU.Build.0 = Release|Any CPU
		{7DFEEA86-4748-445F-8667-149EC05DAB0C}.Debug|Any CPU.ActiveCfg = Debug|Any CPU
		{7DFEEA86-4748-445F-8667-149EC05DAB0C}.Debug|Any CPU.Build.0 = Debug|Any CPU
		{7DFEEA86-4748-445F-8667-149EC05DAB0C}.Release|Any CPU.ActiveCfg = Release|Any CPU
		{7DFEEA86-4748-445F-8667-149EC05DAB0C}.Release|Any CPU.Build.0 = Release|Any CPU
	EndGlobalSection
	GlobalSection(SolutionProperties) = preSolution
		HideSolutionNode = FALSE
	EndGlobalSection
	GlobalSection(ExtensibilityGlobals) = postSolution
		SolutionGuid = {A202AE35-6C80-45C7-8EC1-39A311B1FB4E}
	EndGlobalSection
EndGlobal
