
Microsoft Visual Studio Solution File, Format Version 12.00
# Visual Studio Version 17
VisualStudioVersion = 17.5.33516.290
MinimumVisualStudioVersion = 10.0.40219.1
Project("{9A19103F-16F7-4668-BE54-9A1E7A4F7556}") = "SumatoriaHoras", "SumatoriaHoras.csproj", "{B8B87B36-56AC-4335-8B72-DA9B3FD208F6}"
EndProject
Global
	GlobalSection(SolutionConfigurationPlatforms) = preSolution
		Debug|Any CPU = Debug|Any CPU
		Release|Any CPU = Release|Any CPU
	EndGlobalSection
	GlobalSection(ProjectConfigurationPlatforms) = postSolution
		{B8B87B36-56AC-4335-8B72-DA9B3FD208F6}.Debug|Any CPU.ActiveCfg = Debug|Any CPU
		{B8B87B36-56AC-4335-8B72-DA9B3FD208F6}.Debug|Any CPU.Build.0 = Debug|Any CPU
		{B8B87B36-56AC-4335-8B72-DA9B3FD208F6}.Release|Any CPU.ActiveCfg = Release|Any CPU
		{B8B87B36-56AC-4335-8B72-DA9B3FD208F6}.Release|Any CPU.Build.0 = Release|Any CPU
	EndGlobalSection
	GlobalSection(SolutionProperties) = preSolution
		HideSolutionNode = FALSE
	EndGlobalSection
	GlobalSection(ExtensibilityGlobals) = postSolution
		SolutionGuid = {D46F1854-7D25-4348-9A80-56C1184C1C4A}
	EndGlobalSection
EndGlobal
